
Microsoft Visual Studio Solution File, Format Version 10.00
# Visual Studio 2008
Project("{FAE04EC0-301F-11D3-BF4B-00C04F79EFBC}") = "AIMNS.Model", "AIMNS.Model\AIMNS.Model.csproj", "{76EF9D99-9390-46DA-A044-CF944D5B41A5}"
EndProject
Project("{FAE04EC0-301F-11D3-BF4B-00C04F79EFBC}") = "AIMNS.IDAL", "AIMNS.IDAL\AIMNS.IDAL.csproj", "{0028DEC4-A9AC-43B0-9E1E-EFBACE43F056}"
EndProject
Project("{FAE04EC0-301F-11D3-BF4B-00C04F79EFBC}") = "AIMNS.DAL", "AIMNS.DAL\AIMNS.DAL.csproj", "{C1261B14-FB55-4754-901F-0B92015EC6CD}"
EndProject
Project("{FAE04EC0-301F-11D3-BF4B-00C04F79EFBC}") = "AIMNS.IBLL", "AIMNS.IBLL\AIMNS.IBLL.csproj", "{70032CB6-AB50-4F20-84FE-744DF63F37B0}"
EndProject
Project("{FAE04EC0-301F-11D3-BF4B-00C04F79EFBC}") = "AIMNS.BLL", "AIMNS.BLL\AIMNS.BLL.csproj", "{ECD885F7-FCF3-454C-B385-2E1ADE67C824}"
EndProject
Project("{FAE04EC0-301F-11D3-BF4B-00C04F79EFBC}") = "AIMNS.App", "AIMNS.App\AIMNS.App.csproj", "{E7C11AB4-DE1E-46FF-9AF7-268D5ED3D10A}"
EndProject
Project("{FAE04EC0-301F-11D3-BF4B-00C04F79EFBC}") = "AIMNS.Controllers", "AIMNS.Controllers\AIMNS.Controllers.csproj", "{35272A64-387F-4157-8640-8CAA2FB1F208}"
EndProject
Project("{FAE04EC0-301F-11D3-BF4B-00C04F79EFBC}") = "AIMNS.DTO", "AIMNS.DTO\AIMNS.DTO.csproj", "{0D4CF594-C0B1-43BD-96B1-0873AFAD4C67}"
EndProject
Project("{FAE04EC0-301F-11D3-BF4B-00C04F79EFBC}") = "AIMNS.UnitTest", "AIMNS.UnitTest\AIMNS.UnitTest.csproj", "{874B8B06-C6D3-4849-904D-E3E9C140BACB}"
EndProject
Project("{FAE04EC0-301F-11D3-BF4B-00C04F79EFBC}") = "AIMNS.Web", "AIMNS.Web\AIMNS.Web.csproj", "{B968B89C-4696-4A3A-A855-D385B55FB8B7}"
EndProject
Global
	GlobalSection(SolutionConfigurationPlatforms) = preSolution
		Debug|Any CPU = Debug|Any CPU
		Release|Any CPU = Release|Any CPU
	EndGlobalSection
	GlobalSection(ProjectConfigurationPlatforms) = postSolution
		{76EF9D99-9390-46DA-A044-CF944D5B41A5}.Debug|Any CPU.ActiveCfg = Debug|Any CPU
		{76EF9D99-9390-46DA-A044-CF944D5B41A5}.Debug|Any CPU.Build.0 = Debug|Any CPU
		{76EF9D99-9390-46DA-A044-CF944D5B41A5}.Release|Any CPU.ActiveCfg = Release|Any CPU
		{76EF9D99-9390-46DA-A044-CF944D5B41A5}.Release|Any CPU.Build.0 = Release|Any CPU
		{0028DEC4-A9AC-43B0-9E1E-EFBACE43F056}.Debug|Any CPU.ActiveCfg = Debug|Any CPU
		{0028DEC4-A9AC-43B0-9E1E-EFBACE43F056}.Debug|Any CPU.Build.0 = Debug|Any CPU
		{0028DEC4-A9AC-43B0-9E1E-EFBACE43F056}.Release|Any CPU.ActiveCfg = Release|Any CPU
		{0028DEC4-A9AC-43B0-9E1E-EFBACE43F056}.Release|Any CPU.Build.0 = Release|Any CPU
		{C1261B14-FB55-4754-901F-0B92015EC6CD}.Debug|Any CPU.ActiveCfg = Debug|Any CPU
		{C1261B14-FB55-4754-901F-0B92015EC6CD}.Debug|Any CPU.Build.0 = Debug|Any CPU
		{C1261B14-FB55-4754-901F-0B92015EC6CD}.Release|Any CPU.ActiveCfg = Release|Any CPU
		{C1261B14-FB55-4754-901F-0B92015EC6CD}.Release|Any CPU.Build.0 = Release|Any CPU
		{70032CB6-AB50-4F20-84FE-744DF63F37B0}.Debug|Any CPU.ActiveCfg = Debug|Any CPU
		{70032CB6-AB50-4F20-84FE-744DF63F37B0}.Debug|Any CPU.Build.0 = Debug|Any CPU
		{70032CB6-AB50-4F20-84FE-744DF63F37B0}.Release|Any CPU.ActiveCfg = Release|Any CPU
		{70032CB6-AB50-4F20-84FE-744DF63F37B0}.Release|Any CPU.Build.0 = Release|Any CPU
		{ECD885F7-FCF3-454C-B385-2E1ADE67C824}.Debug|Any CPU.ActiveCfg = Debug|Any CPU
		{ECD885F7-FCF3-454C-B385-2E1ADE67C824}.Debug|Any CPU.Build.0 = Debug|Any CPU
		{ECD885F7-FCF3-454C-B385-2E1ADE67C824}.Release|Any CPU.ActiveCfg = Release|Any CPU
		{ECD885F7-FCF3-454C-B385-2E1ADE67C824}.Release|Any CPU.Build.0 = Release|Any CPU
		{E7C11AB4-DE1E-46FF-9AF7-268D5ED3D10A}.Debug|Any CPU.ActiveCfg = Debug|Any CPU
		{E7C11AB4-DE1E-46FF-9AF7-268D5ED3D10A}.Debug|Any CPU.Build.0 = Debug|Any CPU
		{E7C11AB4-DE1E-46FF-9AF7-268D5ED3D10A}.Release|Any CPU.ActiveCfg = Release|Any CPU
		{E7C11AB4-DE1E-46FF-9AF7-268D5ED3D10A}.Release|Any CPU.Build.0 = Release|Any CPU
		{35272A64-387F-4157-8640-8CAA2FB1F208}.Debug|Any CPU.ActiveCfg = Debug|Any CPU
		{35272A64-387F-4157-8640-8CAA2FB1F208}.Debug|Any CPU.Build.0 = Debug|Any CPU
		{35272A64-387F-4157-8640-8CAA2FB1F208}.Release|Any CPU.ActiveCfg = Release|Any CPU
		{35272A64-387F-4157-8640-8CAA2FB1F208}.Release|Any CPU.Build.0 = Release|Any CPU
		{0D4CF594-C0B1-43BD-96B1-0873AFAD4C67}.Debug|Any CPU.ActiveCfg = Debug|Any CPU
		{0D4CF594-C0B1-43BD-96B1-0873AFAD4C67}.Debug|Any CPU.Build.0 = Debug|Any CPU
		{0D4CF594-C0B1-43BD-96B1-0873AFAD4C67}.Release|Any CPU.ActiveCfg = Release|Any CPU
		{0D4CF594-C0B1-43BD-96B1-0873AFAD4C67}.Release|Any CPU.Build.0 = Release|Any CPU
		{874B8B06-C6D3-4849-904D-E3E9C140BACB}.Debug|Any CPU.ActiveCfg = Debug|Any CPU
		{874B8B06-C6D3-4849-904D-E3E9C140BACB}.Debug|Any CPU.Build.0 = Debug|Any CPU
		{874B8B06-C6D3-4849-904D-E3E9C140BACB}.Release|Any CPU.ActiveCfg = Release|Any CPU
		{874B8B06-C6D3-4849-904D-E3E9C140BACB}.Release|Any CPU.Build.0 = Release|Any CPU
		{B968B89C-4696-4A3A-A855-D385B55FB8B7}.Debug|Any CPU.ActiveCfg = Debug|Any CPU
		{B968B89C-4696-4A3A-A855-D385B55FB8B7}.Debug|Any CPU.Build.0 = Debug|Any CPU
		{B968B89C-4696-4A3A-A855-D385B55FB8B7}.Release|Any CPU.ActiveCfg = Release|Any CPU
		{B968B89C-4696-4A3A-A855-D385B55FB8B7}.Release|Any CPU.Build.0 = Release|Any CPU
	EndGlobalSection
	GlobalSection(SolutionProperties) = preSolution
		HideSolutionNode = FALSE
	EndGlobalSection
EndGlobal
